
Microsoft Visual Studio Solution File, Format Version 12.00
# Visual Studio 15
Project("{FAE04EC0-301F-11D3-BF4B-00C04F79EFBC}") = "Unity.2D.Animation.Samples.Runtime", "Unity.2D.Animation.Samples.Runtime.csproj", "{FD4D3A11-4953-5B99-02D8-862ABFBF65D7}"
EndProject
Project("{FAE04EC0-301F-11D3-BF4B-00C04F79EFBC}") = "Unity.2D.Animation.Samples.Dependency", "Unity.2D.Animation.Samples.Dependency.csproj", "{E2CA52F9-85EE-7820-8FFC-C01490004BAA}"
EndProject
Project("{FAE04EC0-301F-11D3-BF4B-00C04F79EFBC}") = "Assembly-CSharp-firstpass", "Assembly-CSharp-firstpass.csproj", "{1E03E642-3626-E3CE-5526-E05DFF984A34}"
EndProject
Project("{FAE04EC0-301F-11D3-BF4B-00C04F79EFBC}") = "Assembly-CSharp", "Assembly-CSharp.csproj", "{DF99E42E-2FA6-5EBC-7368-66CED2834494}"
EndProject
Project("{FAE04EC0-301F-11D3-BF4B-00C04F79EFBC}") = "Unity.2D.Animation.Samples.Editor", "Unity.2D.Animation.Samples.Editor.csproj", "{13AE2034-817F-FDB0-92AD-67DA8CFDCBAC}"
EndProject
Global
	GlobalSection(SolutionConfigurationPlatforms) = preSolution
		Debug|Any CPU = Debug|Any CPU
		Release|Any CPU = Release|Any CPU
	EndGlobalSection
	GlobalSection(ProjectConfigurationPlatforms) = postSolution
		{FD4D3A11-4953-5B99-02D8-862ABFBF65D7}.Debug|Any CPU.ActiveCfg = Debug|Any CPU
		{FD4D3A11-4953-5B99-02D8-862ABFBF65D7}.Debug|Any CPU.Build.0 = Debug|Any CPU
		{FD4D3A11-4953-5B99-02D8-862ABFBF65D7}.Release|Any CPU.ActiveCfg = Release|Any CPU
		{FD4D3A11-4953-5B99-02D8-862ABFBF65D7}.Release|Any CPU.Build.0 = Release|Any CPU
		{E2CA52F9-85EE-7820-8FFC-C01490004BAA}.Debug|Any CPU.ActiveCfg = Debug|Any CPU
		{E2CA52F9-85EE-7820-8FFC-C01490004BAA}.Debug|Any CPU.Build.0 = Debug|Any CPU
		{E2CA52F9-85EE-7820-8FFC-C01490004BAA}.Release|Any CPU.ActiveCfg = Release|Any CPU
		{E2CA52F9-85EE-7820-8FFC-C01490004BAA}.Release|Any CPU.Build.0 = Release|Any CPU
		{1E03E642-3626-E3CE-5526-E05DFF984A34}.Debug|Any CPU.ActiveCfg = Debug|Any CPU
		{1E03E642-3626-E3CE-5526-E05DFF984A34}.Debug|Any CPU.Build.0 = Debug|Any CPU
		{1E03E642-3626-E3CE-5526-E05DFF984A34}.Release|Any CPU.ActiveCfg = Release|Any CPU
		{1E03E642-3626-E3CE-5526-E05DFF984A34}.Release|Any CPU.Build.0 = Release|Any CPU
		{DF99E42E-2FA6-5EBC-7368-66CED2834494}.Debug|Any CPU.ActiveCfg = Debug|Any CPU
		{DF99E42E-2FA6-5EBC-7368-66CED2834494}.Debug|Any CPU.Build.0 = Debug|Any CPU
		{DF99E42E-2FA6-5EBC-7368-66CED2834494}.Release|Any CPU.ActiveCfg = Release|Any CPU
		{DF99E42E-2FA6-5EBC-7368-66CED2834494}.Release|Any CPU.Build.0 = Release|Any CPU
		{13AE2034-817F-FDB0-92AD-67DA8CFDCBAC}.Debug|Any CPU.ActiveCfg = Debug|Any CPU
		{13AE2034-817F-FDB0-92AD-67DA8CFDCBAC}.Debug|Any CPU.Build.0 = Debug|Any CPU
		{13AE2034-817F-FDB0-92AD-67DA8CFDCBAC}.Release|Any CPU.ActiveCfg = Release|Any CPU
		{13AE2034-817F-FDB0-92AD-67DA8CFDCBAC}.Release|Any CPU.Build.0 = Release|Any CPU
	EndGlobalSection
	GlobalSection(SolutionProperties) = preSolution
		HideSolutionNode = FALSE
	EndGlobalSection
EndGlobal
